<Solution>
  <Project Path="SingularityGroup.HotReload.Editor.csproj" />
  <Project Path="CAS.Runtime.csproj" />
  <Project Path="KAnimationCore.Editor.csproj" />
  <Project Path="Assembly-CSharp.csproj" />
  <Project Path="Assembly-CSharp-Editor.csproj" />
  <Project Path="MotionWarping.Runtime.csproj" />
  <Project Path="SingularityGroup.HotReload.Runtime.csproj" />
  <Project Path="PropertyBindings.Runtime.csproj" />
  <Project Path="MotionWarping.Editor.csproj" />
  <Project Path="CAS.Addons.FPS.Runtime.csproj" />
  <Project Path="KAnimationCore.Runtime.csproj" />
  <Project Path="CAS.Editor.csproj" />
  <Project Path="CAS.Examples.Editor.csproj" />
  <Project Path="FPSProject.Multiplayer.Core.csproj" />
  <Project Path="ScriptableWidget.Editor.csproj" />
  <Project Path="SingularityGroup.HotReload.Runtime.Public.csproj" />
  <Project Path="PropertyBindings.Editor.csproj" />
  <Project Path="FPSProject.Multiplayer.Core.EditModeTests.csproj" />
  <Project Path="CAS.Examples.Scripts.csproj" />
  <Project Path="FPSProject.Combat.EditModeTests.csproj" />
  <Project Path="FbxExporter.Editor.csproj" />
  <Project Path="FPSProject.Combat.Runtime.csproj" />
  <Project Path="FPSProject.Combat.PlayModeTests.csproj" />
  <Project Path="ScriptableWidget.Runtime.csproj" />
  <Project Path="CAS.Addons.FPS.Editor.csproj" />
  <Project Path="RecoilAnimation.Runtime.csproj" />
  <Project Path="FPSProject.Multiplayer.PlayModeTests.csproj" />
</Solution>
