<Solution>
  <Project Path="CAS.Runtime.csproj" />
  <Project Path="KAnimationCore.Editor.csproj" />
  <Project Path="Assembly-CSharp.csproj" />
  <Project Path="MotionWarping.Runtime.csproj" />
  <Project Path="PropertyBindings.Runtime.csproj" />
  <Project Path="MotionWarping.Editor.csproj" />
  <Project Path="CAS.Addons.FPS.Runtime.csproj" />
  <Project Path="KAnimationCore.Runtime.csproj" />
  <Project Path="CAS.Editor.csproj" />
  <Project Path="CAS.Examples.Editor.csproj" />
  <Project Path="ScriptableWidget.Editor.csproj" />
  <Project Path="PropertyBindings.Editor.csproj" />
  <Project Path="CAS.Examples.Scripts.csproj" />
  <Project Path="Assembly-CSharp-Editor.csproj" />
  <Project Path="ScriptableWidget.Runtime.csproj" />
  <Project Path="CAS.Addons.FPS.Editor.csproj" />
</Solution>
